Microsoft Visual Studio Solution File, Format Version 12.00
# Visual Studio Version 16
VisualStudioVersion = 16.0.30320.27
MinimumVisualStudioVersion = 10.0.40219.1
Project("{FAE04EC0-301F-11D3-BF4B-00C04F79EFBC}") = "Startup Edit", "Startup Edit.csproj", "{A114EDB7-A981-4992-A5A3-94CC4CCBCA5C}"
EndProject
Global
	GlobalSection(SolutionConfigurationPlatforms) = preSolution
		Debug|Any CPU = Debug|Any CPU
		Release|Any CPU = Release|Any CPU
	EndGlobalSection
	GlobalSection(ProjectConfigurationPlatforms) = postSolution
		{A114EDB7-A981-4992-A5A3-94CC4CCBCA5C}.Debug|Any CPU.ActiveCfg = Debug|Any CPU
		{A114EDB7-A981-4992-A5A3-94CC4CCBCA5C}.Debug|Any CPU.Build.0 = Debug|Any CPU
		{A114EDB7-A981-4992-A5A3-94CC4CCBCA5C}.Release|Any CPU.ActiveCfg = Release|Any CPU
		{A114EDB7-A981-4992-A5A3-94CC4CCBCA5C}.Release|Any CPU.Build.0 = Release|Any CPU
	EndGlobalSection
	GlobalSection(SolutionProperties) = preSolution
		HideSolutionNode = FALSE
	EndGlobalSection
	GlobalSection(ExtensibilityGlobals) = postSolution
		SolutionGuid = {4041E5C3-0DDD-4C8B-A10A-E85E2D059C8B}
	EndGlobalSection
EndGlobal
